
Microsoft Visual Studio Solution File, Format Version 12.00
# Visual Studio Version 17
VisualStudioVersion = 17.14.36401.2 d17.14
MinimumVisualStudioVersion = 10.0.40219.1
Project("{FAE04EC0-301F-11D3-BF4B-00C04F79EFBC}") = "AmarKajKoi", "AmarKajKoi\AmarKajKoi.csproj", "{474CD593-50C6-4B05-9CBE-AF5F759AB62D}"
EndProject
Global
	GlobalSection(SolutionConfigurationPlatforms) = preSolution
		Debug|Any CPU = Debug|Any CPU
		Release|Any CPU = Release|Any CPU
	EndGlobalSection
	GlobalSection(ProjectConfigurationPlatforms) = postSolution
		{474CD593-50C6-4B05-9CBE-AF5F759AB62D}.Debug|Any CPU.ActiveCfg = Debug|Any CPU
		{474CD593-50C6-4B05-9CBE-AF5F759AB62D}.Debug|Any CPU.Build.0 = Debug|Any CPU
		{474CD593-50C6-4B05-9CBE-AF5F759AB62D}.Release|Any CPU.ActiveCfg = Release|Any CPU
		{474CD593-50C6-4B05-9CBE-AF5F759AB62D}.Release|Any CPU.Build.0 = Release|Any CPU
	EndGlobalSection
	GlobalSection(SolutionProperties) = preSolution
		HideSolutionNode = FALSE
	EndGlobalSection
	GlobalSection(ExtensibilityGlobals) = postSolution
		SolutionGuid = {C7D01C1A-46EC-4DB4-80FE-8399DDD3C59A}
	EndGlobalSection
EndGlobal
